
Microsoft Visual Studio Solution File, Format Version 12.00
# Visual Studio 14
VisualStudioVersion = 14.0.24720.0
MinimumVisualStudioVersion = 10.0.40219.1
Project("{E24C65DC-7377-472B-9ABA-BC803B73C61A}") = "Hangman", "Hangman\", "{EE23A46B-34B5-4BFD-AFE1-7C7C254354DC}"
	ProjectSection(WebsiteProperties) = preProject
		TargetFrameworkMoniker = ".NETFramework,Version%3Dv4.0"
		Debug.AspNetCompiler.VirtualPath = "/localhost_65200"
		Debug.AspNetCompiler.PhysicalPath = "Hangman\"
		Debug.AspNetCompiler.TargetPath = "PrecompiledWeb\localhost_65200\"
		Debug.AspNetCompiler.Updateable = "true"
		Debug.AspNetCompiler.ForceOverwrite = "true"
		Debug.AspNetCompiler.FixedNames = "false"
		Debug.AspNetCompiler.Debug = "True"
		Release.AspNetCompiler.VirtualPath = "/localhost_65200"
		Release.AspNetCompiler.PhysicalPath = "Hangman\"
		Release.AspNetCompiler.TargetPath = "PrecompiledWeb\localhost_65200\"
		Release.AspNetCompiler.Updateable = "true"
		Release.AspNetCompiler.ForceOverwrite = "true"
		Release.AspNetCompiler.FixedNames = "false"
		Release.AspNetCompiler.Debug = "False"
		VWDPort = "65200"
		SlnRelativePath = "Hangman\"
	EndProjectSection
EndProject
Global
	GlobalSection(SolutionConfigurationPlatforms) = preSolution
		Debug|Any CPU = Debug|Any CPU
	EndGlobalSection
	GlobalSection(ProjectConfigurationPlatforms) = postSolution
		{EE23A46B-34B5-4BFD-AFE1-7C7C254354DC}.Debug|Any CPU.ActiveCfg = Debug|Any CPU
		{EE23A46B-34B5-4BFD-AFE1-7C7C254354DC}.Debug|Any CPU.Build.0 = Debug|Any CPU
	EndGlobalSection
	GlobalSection(SolutionProperties) = preSolution
		HideSolutionNode = FALSE
	EndGlobalSection
EndGlobal
